
Microsoft Visual Studio Solution File, Format Version 12.00
# Visual Studio 15
VisualStudioVersion = 15.0.26730.16
MinimumVisualStudioVersion = 10.0.40219.1
Project("{FAE04EC0-301F-11D3-BF4B-00C04F79EFBC}") = "Epic_Space_Wars", "Epic_Space_Wars\Epic_Space_Wars.csproj", "{0459DCF0-A6EC-4D3D-9FD2-4D32CB562B46}"
EndProject
Global
	GlobalSection(SolutionConfigurationPlatforms) = preSolution
		Debug|Any CPU = Debug|Any CPU
		Release|Any CPU = Release|Any CPU
	EndGlobalSection
	GlobalSection(ProjectConfigurationPlatforms) = postSolution
		{0459DCF0-A6EC-4D3D-9FD2-4D32CB562B46}.Debug|Any CPU.ActiveCfg = Debug|Any CPU
		{0459DCF0-A6EC-4D3D-9FD2-4D32CB562B46}.Debug|Any CPU.Build.0 = Debug|Any CPU
		{0459DCF0-A6EC-4D3D-9FD2-4D32CB562B46}.Release|Any CPU.ActiveCfg = Release|Any CPU
		{0459DCF0-A6EC-4D3D-9FD2-4D32CB562B46}.Release|Any CPU.Build.0 = Release|Any CPU
	EndGlobalSection
	GlobalSection(SolutionProperties) = preSolution
		HideSolutionNode = FALSE
	EndGlobalSection
	GlobalSection(ExtensibilityGlobals) = postSolution
		SolutionGuid = {2217E988-5E70-4A54-BDE5-1ACDA0BDA9E4}
	EndGlobalSection
EndGlobal
